
Microsoft Visual Studio Solution File, Format Version 12.00
# Visual Studio Version 17
VisualStudioVersion = 17.14.36212.18
MinimumVisualStudioVersion = 10.0.40219.1
Project("{FAE04EC0-301F-11D3-BF4B-00C04F79EFBC}") = "ProductCatalogService", "src\ProductCatalogService.csproj", "{6506F4C6-ACE7-4239-B907-0A27D3FCF8F0}"
EndProject
Global
	GlobalSection(SolutionConfigurationPlatforms) = preSolution
		Debug|Any CPU = Debug|Any CPU
		Release|Any CPU = Release|Any CPU
	EndGlobalSection
	GlobalSection(ProjectConfigurationPlatforms) = postSolution
		{6506F4C6-ACE7-4239-B907-0A27D3FCF8F0}.Debug|Any CPU.ActiveCfg = Debug|Any CPU
		{6506F4C6-ACE7-4239-B907-0A27D3FCF8F0}.Debug|Any CPU.Build.0 = Debug|Any CPU
		{6506F4C6-ACE7-4239-B907-0A27D3FCF8F0}.Release|Any CPU.ActiveCfg = Release|Any CPU
		{6506F4C6-ACE7-4239-B907-0A27D3FCF8F0}.Release|Any CPU.Build.0 = Release|Any CPU
	EndGlobalSection
	GlobalSection(SolutionProperties) = preSolution
		HideSolutionNode = FALSE
	EndGlobalSection
	GlobalSection(ExtensibilityGlobals) = postSolution
		SolutionGuid = {5632123A-393A-4F0D-B5B6-4A15AB6D9138}
	EndGlobalSection
EndGlobal
